
Microsoft Visual Studio Solution File, Format Version 12.00
# Visual Studio Version 17
VisualStudioVersion = 17.2.32630.192
MinimumVisualStudioVersion = 10.0.40219.1
Project("{FAE04EC0-301F-11D3-BF4B-00C04F79EFBC}") = "231110", "231110\231110.csproj", "{28926465-0B80-4D38-9BD1-043DDAC33BE1}"
EndProject
Global
	GlobalSection(SolutionConfigurationPlatforms) = preSolution
		Debug|Any CPU = Debug|Any CPU
		Release|Any CPU = Release|Any CPU
	EndGlobalSection
	GlobalSection(ProjectConfigurationPlatforms) = postSolution
		{28926465-0B80-4D38-9BD1-043DDAC33BE1}.Debug|Any CPU.ActiveCfg = Debug|Any CPU
		{28926465-0B80-4D38-9BD1-043DDAC33BE1}.Debug|Any CPU.Build.0 = Debug|Any CPU
		{28926465-0B80-4D38-9BD1-043DDAC33BE1}.Release|Any CPU.ActiveCfg = Release|Any CPU
		{28926465-0B80-4D38-9BD1-043DDAC33BE1}.Release|Any CPU.Build.0 = Release|Any CPU
	EndGlobalSection
	GlobalSection(SolutionProperties) = preSolution
		HideSolutionNode = FALSE
	EndGlobalSection
	GlobalSection(ExtensibilityGlobals) = postSolution
		SolutionGuid = {4F7116C8-5A2A-49EC-ABD6-C7FAE61E8EE9}
	EndGlobalSection
EndGlobal
